
Microsoft Visual Studio Solution File, Format Version 12.00
# Visual Studio Version 17
VisualStudioVersion = 17.12.35527.113
MinimumVisualStudioVersion = 10.0.40219.1
Project("{FAE04EC0-301F-11D3-BF4B-00C04F79EFBC}") = "TripWise.Api", "TripWise.Api\TripWise.Api.csproj", "{C9CD277E-1701-4678-B3C1-1BF84002863F}"
EndProject
Project("{FAE04EC0-301F-11D3-BF4B-00C04F79EFBC}") = "TripWise.Domain", "TripWise.Domain\TripWise.Domain.csproj", "{F294CCB7-AD25-4F08-9CEB-093C7110070D}"
EndProject
Project("{FAE04EC0-301F-11D3-BF4B-00C04F79EFBC}") = "TripWise.Application", "TripWise.Application\TripWise.Application.csproj", "{B1751A11-F54C-432C-BCD4-F373A97299B7}"
EndProject
Project("{FAE04EC0-301F-11D3-BF4B-00C04F79EFBC}") = "TripWise.Infrastructure", "TripWise.Infrastructure\TripWise.Infrastructure.csproj", "{3DB4AF8C-7DDC-4842-8672-082584CC00FB}"
EndProject
Project("{FAE04EC0-301F-11D3-BF4B-00C04F79EFBC}") = "TripWise.Persistence", "TripWise.Persistence\TripWise.Persistence.csproj", "{E88FDE29-6558-436A-945F-6BFED23897F0}"
EndProject
Global
	GlobalSection(SolutionConfigurationPlatforms) = preSolution
		Debug|Any CPU = Debug|Any CPU
		Release|Any CPU = Release|Any CPU
	EndGlobalSection
	GlobalSection(ProjectConfigurationPlatforms) = postSolution
		{C9CD277E-1701-4678-B3C1-1BF84002863F}.Debug|Any CPU.ActiveCfg = Debug|Any CPU
		{C9CD277E-1701-4678-B3C1-1BF84002863F}.Debug|Any CPU.Build.0 = Debug|Any CPU
		{C9CD277E-1701-4678-B3C1-1BF84002863F}.Release|Any CPU.ActiveCfg = Release|Any CPU
		{C9CD277E-1701-4678-B3C1-1BF84002863F}.Release|Any CPU.Build.0 = Release|Any CPU
		{F294CCB7-AD25-4F08-9CEB-093C7110070D}.Debug|Any CPU.ActiveCfg = Debug|Any CPU
		{F294CCB7-AD25-4F08-9CEB-093C7110070D}.Debug|Any CPU.Build.0 = Debug|Any CPU
		{F294CCB7-AD25-4F08-9CEB-093C7110070D}.Release|Any CPU.ActiveCfg = Release|Any CPU
		{F294CCB7-AD25-4F08-9CEB-093C7110070D}.Release|Any CPU.Build.0 = Release|Any CPU
		{B1751A11-F54C-432C-BCD4-F373A97299B7}.Debug|Any CPU.ActiveCfg = Debug|Any CPU
		{B1751A11-F54C-432C-BCD4-F373A97299B7}.Debug|Any CPU.Build.0 = Debug|Any CPU
		{B1751A11-F54C-432C-BCD4-F373A97299B7}.Release|Any CPU.ActiveCfg = Release|Any CPU
		{B1751A11-F54C-432C-BCD4-F373A97299B7}.Release|Any CPU.Build.0 = Release|Any CPU
		{3DB4AF8C-7DDC-4842-8672-082584CC00FB}.Debug|Any CPU.ActiveCfg = Debug|Any CPU
		{3DB4AF8C-7DDC-4842-8672-082584CC00FB}.Debug|Any CPU.Build.0 = Debug|Any CPU
		{3DB4AF8C-7DDC-4842-8672-082584CC00FB}.Release|Any CPU.ActiveCfg = Release|Any CPU
		{3DB4AF8C-7DDC-4842-8672-082584CC00FB}.Release|Any CPU.Build.0 = Release|Any CPU
		{E88FDE29-6558-436A-945F-6BFED23897F0}.Debug|Any CPU.ActiveCfg = Debug|Any CPU
		{E88FDE29-6558-436A-945F-6BFED23897F0}.Debug|Any CPU.Build.0 = Debug|Any CPU
		{E88FDE29-6558-436A-945F-6BFED23897F0}.Release|Any CPU.ActiveCfg = Release|Any CPU
		{E88FDE29-6558-436A-945F-6BFED23897F0}.Release|Any CPU.Build.0 = Release|Any CPU
	EndGlobalSection
	GlobalSection(SolutionProperties) = preSolution
		HideSolutionNode = FALSE
	EndGlobalSection
EndGlobal
